<?xml version="1.0" encoding="utf-8"?>
<Project ToolsVersion="4.0" xmlns="http://schemas.microsoft.com/developer/msbuild/2003">
  <ItemGroup>
    <Filter Include="Source Files">
      <UniqueIdentifier>{4FC737F1-C7A5-4376-A066-2A32D752A2FF}</UniqueIdentifier>
      <Extensions>cpp;c;cc;cxx;def;odl;idl;hpj;bat;asm;asmx</Extensions>
    </Filter>
    <Filter Include="Header Files">
      <UniqueIdentifier>{93995380-89BD-4b04-88EB-625FBE52EBFB}</UniqueIdentifier>
      <Extensions>h;hh;hpp;hxx;hm;inl;inc;xsd</Extensions>
    </Filter>
    <Filter Include="Resource Files">
      <UniqueIdentifier>{67DA6AB6-F800-4c08-8B7A-83BB121AAD01}</UniqueIdentifier>
      <Extensions>rc;ico;cur;bmp;dlg;rc2;rct;bin;rgs;gif;jpg;jpeg;jpe;resx;tiff;tif;png;wav;mfcribbon-ms</Extensions>
    </Filter>
  </ItemGroup>
  <ItemGroup>
    <ClCompile Include="MyForm.cpp">
      <Filter>Source Files</Filter>
    </ClCompile>
    <ClCompile Include="Jugador.cpp">
      <Filter>Source Files</Filter>
    </ClCompile>
    <ClCompile Include="Bala.cpp">
      <Filter>Source Files</Filter>
    </ClCompile>
    <ClCompile Include="BalaCorrupto.cpp">
      <Filter>Source Files</Filter>
    </ClCompile>
    <ClCompile Include="BalaCriminal.cpp">
      <Filter>Source Files</Filter>
    </ClCompile>
    <ClCompile Include="Enemigo.cpp">
      <Filter>Source Files</Filter>
    </ClCompile>
    <ClCompile Include="EnemigoAlfa.cpp">
      <Filter>Source Files</Filter>
    </ClCompile>
    <ClCompile Include="EnemigoDelta.cpp">
      <Filter>Source Files</Filter>
    </ClCompile>
    <ClCompile Include="EnemigoGamma.cpp">
      <Filter>Source Files</Filter>
    </ClCompile>
    <ClCompile Include="JuegoNivel2.cpp">
      <Filter>Source Files</Filter>
    </ClCompile>
    <ClCompile Include="JuegoNivel3.cpp">
      <Filter>Source Files</Filter>
    </ClCompile>
    <ClCompile Include="JuegoNivel1.cpp">
      <Filter>Source Files</Filter>
    </ClCompile>
  </ItemGroup>
  <ItemGroup>
    <ClInclude Include="MyForm.h">
      <Filter>Header Files</Filter>
    </ClInclude>
    <ClInclude Include="Jugador.h">
      <Filter>Header Files</Filter>
    </ClInclude>
    <ClInclude Include="LibreriaGeneral.h">
      <Filter>Header Files</Filter>
    </ClInclude>
    <ClInclude Include="Bala.h">
      <Filter>Header Files</Filter>
    </ClInclude>
    <ClInclude Include="BalaCorrupto.h">
      <Filter>Header Files</Filter>
    </ClInclude>
    <ClInclude Include="BalaCriminal.h">
      <Filter>Header Files</Filter>
    </ClInclude>
    <ClInclude Include="Enemigo.h">
      <Filter>Header Files</Filter>
    </ClInclude>
    <ClInclude Include="EnemigoAlfa.h">
      <Filter>Header Files</Filter>
    </ClInclude>
    <ClInclude Include="EnemigoDelta.h">
      <Filter>Header Files</Filter>
    </ClInclude>
    <ClInclude Include="EnemigoGamma.h">
      <Filter>Header Files</Filter>
    </ClInclude>
    <ClInclude Include="JuegoNivel2.h">
      <Filter>Header Files</Filter>
    </ClInclude>
    <ClInclude Include="resource.h">
      <Filter>Header Files</Filter>
    </ClInclude>
    <ClInclude Include="JuegoNivel3.h">
      <Filter>Header Files</Filter>
    </ClInclude>
    <ClInclude Include="JuegoNivel1.h">
      <Filter>Header Files</Filter>
    </ClInclude>
  </ItemGroup>
  <ItemGroup>
    <EmbeddedResource Include="MyForm.resx">
      <Filter>Resource Files</Filter>
    </EmbeddedResource>
  </ItemGroup>
  <ItemGroup>
    <ResourceCompile Include="TF_201916220_201816393.rc">
      <Filter>Resource Files</Filter>
    </ResourceCompile>
  </ItemGroup>
</Project>